
Microsoft Visual Studio Solution File, Format Version 12.00
# Visual Studio 2012
VisualStudioVersion = 14.0.25420.1
MinimumVisualStudioVersion = 10.0.40219.1
Project("{FAE04EC0-301F-11D3-BF4B-00C04F79EFBC}") = "MCS_Core", "MCS_Core\MCS_Core.csproj", "{862CB436-4E0A-4AE6-BDF4-1A636878817B}"
EndProject
Project("{FAE04EC0-301F-11D3-BF4B-00C04F79EFBC}") = "MCS_Importer", "MCS_Importer\MCS_Importer.csproj", "{3981EBB4-7CD9-49DA-A3A4-2E971D77EF06}"
	ProjectSection(ProjectDependencies) = postProject
		{5489E763-5FE2-45FF-B295-20DD8C9312E2} = {5489E763-5FE2-45FF-B295-20DD8C9312E2}
	EndProjectSection
EndProject
Project("{FAE04EC0-301F-11D3-BF4B-00C04F79EFBC}") = "BuildTools", "BuildTools\BuildTools.csproj", "{5489E763-5FE2-45FF-B295-20DD8C9312E2}"
EndProject
Project("{FAE04EC0-301F-11D3-BF4B-00C04F79EFBC}") = "MCS_Utilities", "MCS_Utilities\MCS_Utilities.csproj", "{BB0EB3B1-241F-46BC-812A-1BAD99734ED7}"
EndProject
Global
	GlobalSection(SolutionConfigurationPlatforms) = preSolution
		Debug|Any CPU = Debug|Any CPU
		Debug|ARM = Debug|ARM
		Debug|x64 = Debug|x64
		Debug|x86 = Debug|x86
		Debug5.5|Any CPU = Debug5.5|Any CPU
		Debug5.5|ARM = Debug5.5|ARM
		Debug5.5|x64 = Debug5.5|x64
		Debug5.5|x86 = Debug5.5|x86
		Default|Any CPU = Default|Any CPU
		Default|ARM = Default|ARM
		Default|x64 = Default|x64
		Default|x86 = Default|x86
		Release|Any CPU = Release|Any CPU
		Release|ARM = Release|ARM
		Release|x64 = Release|x64
		Release|x86 = Release|x86
	EndGlobalSection
	GlobalSection(ProjectConfigurationPlatforms) = postSolution
		{3981EBB4-7CD9-49DA-A3A4-2E971D77EF06}.Debug|Any CPU.ActiveCfg = Debug|Any CPU
		{3981EBB4-7CD9-49DA-A3A4-2E971D77EF06}.Debug|Any CPU.Build.0 = Debug|Any CPU
		{3981EBB4-7CD9-49DA-A3A4-2E971D77EF06}.Debug|ARM.ActiveCfg = Debug|Any CPU
		{3981EBB4-7CD9-49DA-A3A4-2E971D77EF06}.Debug|ARM.Build.0 = Debug|Any CPU
		{3981EBB4-7CD9-49DA-A3A4-2E971D77EF06}.Debug|x64.ActiveCfg = Debug|Any CPU
		{3981EBB4-7CD9-49DA-A3A4-2E971D77EF06}.Debug|x64.Build.0 = Debug|Any CPU
		{3981EBB4-7CD9-49DA-A3A4-2E971D77EF06}.Debug|x86.ActiveCfg = Debug|Any CPU
		{3981EBB4-7CD9-49DA-A3A4-2E971D77EF06}.Debug|x86.Build.0 = Debug|Any CPU
		{3981EBB4-7CD9-49DA-A3A4-2E971D77EF06}.Debug5.5|Any CPU.ActiveCfg = Debug5.5|Any CPU
		{3981EBB4-7CD9-49DA-A3A4-2E971D77EF06}.Debug5.5|Any CPU.Build.0 = Debug5.5|Any CPU
		{3981EBB4-7CD9-49DA-A3A4-2E971D77EF06}.Debug5.5|ARM.ActiveCfg = Debug5.5|Any CPU
		{3981EBB4-7CD9-49DA-A3A4-2E971D77EF06}.Debug5.5|ARM.Build.0 = Debug5.5|Any CPU
		{3981EBB4-7CD9-49DA-A3A4-2E971D77EF06}.Debug5.5|x64.ActiveCfg = Debug5.5|Any CPU
		{3981EBB4-7CD9-49DA-A3A4-2E971D77EF06}.Debug5.5|x64.Build.0 = Debug5.5|Any CPU
		{3981EBB4-7CD9-49DA-A3A4-2E971D77EF06}.Debug5.5|x86.ActiveCfg = Debug5.5|Any CPU
		{3981EBB4-7CD9-49DA-A3A4-2E971D77EF06}.Debug5.5|x86.Build.0 = Debug5.5|Any CPU
		{3981EBB4-7CD9-49DA-A3A4-2E971D77EF06}.Default|Any CPU.ActiveCfg = Debug|Any CPU
		{3981EBB4-7CD9-49DA-A3A4-2E971D77EF06}.Default|Any CPU.Build.0 = Debug|Any CPU
		{3981EBB4-7CD9-49DA-A3A4-2E971D77EF06}.Default|ARM.ActiveCfg = Debug5.5|Any CPU
		{3981EBB4-7CD9-49DA-A3A4-2E971D77EF06}.Default|ARM.Build.0 = Debug5.5|Any CPU
		{3981EBB4-7CD9-49DA-A3A4-2E971D77EF06}.Default|x64.ActiveCfg = Debug5.5|Any CPU
		{3981EBB4-7CD9-49DA-A3A4-2E971D77EF06}.Default|x64.Build.0 = Debug5.5|Any CPU
		{3981EBB4-7CD9-49DA-A3A4-2E971D77EF06}.Default|x86.ActiveCfg = Debug5.5|Any CPU
		{3981EBB4-7CD9-49DA-A3A4-2E971D77EF06}.Default|x86.Build.0 = Debug5.5|Any CPU
		{3981EBB4-7CD9-49DA-A3A4-2E971D77EF06}.Release|Any CPU.ActiveCfg = Release|Any CPU
		{3981EBB4-7CD9-49DA-A3A4-2E971D77EF06}.Release|Any CPU.Build.0 = Release|Any CPU
		{3981EBB4-7CD9-49DA-A3A4-2E971D77EF06}.Release|ARM.ActiveCfg = Release|Any CPU
		{3981EBB4-7CD9-49DA-A3A4-2E971D77EF06}.Release|ARM.Build.0 = Release|Any CPU
		{3981EBB4-7CD9-49DA-A3A4-2E971D77EF06}.Release|x64.ActiveCfg = Release|Any CPU
		{3981EBB4-7CD9-49DA-A3A4-2E971D77EF06}.Release|x64.Build.0 = Release|Any CPU
		{3981EBB4-7CD9-49DA-A3A4-2E971D77EF06}.Release|x86.ActiveCfg = Release|Any CPU
		{3981EBB4-7CD9-49DA-A3A4-2E971D77EF06}.Release|x86.Build.0 = Release|Any CPU
		{5489E763-5FE2-45FF-B295-20DD8C9312E2}.Debug|Any CPU.ActiveCfg = Debug|Any CPU
		{5489E763-5FE2-45FF-B295-20DD8C9312E2}.Debug|Any CPU.Build.0 = Debug|Any CPU
		{5489E763-5FE2-45FF-B295-20DD8C9312E2}.Debug|ARM.ActiveCfg = Debug|Any CPU
		{5489E763-5FE2-45FF-B295-20DD8C9312E2}.Debug|ARM.Build.0 = Debug|Any CPU
		{5489E763-5FE2-45FF-B295-20DD8C9312E2}.Debug|x64.ActiveCfg = Debug|Any CPU
		{5489E763-5FE2-45FF-B295-20DD8C9312E2}.Debug|x64.Build.0 = Debug|Any CPU
		{5489E763-5FE2-45FF-B295-20DD8C9312E2}.Debug|x86.ActiveCfg = Debug|Any CPU
		{5489E763-5FE2-45FF-B295-20DD8C9312E2}.Debug|x86.Build.0 = Debug|Any CPU
		{5489E763-5FE2-45FF-B295-20DD8C9312E2}.Debug5.5|Any CPU.ActiveCfg = Debug|Any CPU
		{5489E763-5FE2-45FF-B295-20DD8C9312E2}.Debug5.5|Any CPU.Build.0 = Debug|Any CPU
		{5489E763-5FE2-45FF-B295-20DD8C9312E2}.Debug5.5|ARM.ActiveCfg = Debug|Any CPU
		{5489E763-5FE2-45FF-B295-20DD8C9312E2}.Debug5.5|ARM.Build.0 = Debug|Any CPU
		{5489E763-5FE2-45FF-B295-20DD8C9312E2}.Debug5.5|x64.ActiveCfg = Debug|Any CPU
		{5489E763-5FE2-45FF-B295-20DD8C9312E2}.Debug5.5|x64.Build.0 = Debug|Any CPU
		{5489E763-5FE2-45FF-B295-20DD8C9312E2}.Debug5.5|x86.ActiveCfg = Debug|Any CPU
		{5489E763-5FE2-45FF-B295-20DD8C9312E2}.Debug5.5|x86.Build.0 = Debug|Any CPU
		{5489E763-5FE2-45FF-B295-20DD8C9312E2}.Default|Any CPU.ActiveCfg = Debug|Any CPU
		{5489E763-5FE2-45FF-B295-20DD8C9312E2}.Default|Any CPU.Build.0 = Debug|Any CPU
		{5489E763-5FE2-45FF-B295-20DD8C9312E2}.Default|ARM.ActiveCfg = Debug|Any CPU
		{5489E763-5FE2-45FF-B295-20DD8C9312E2}.Default|ARM.Build.0 = Debug|Any CPU
		{5489E763-5FE2-45FF-B295-20DD8C9312E2}.Default|x64.ActiveCfg = Debug|Any CPU
		{5489E763-5FE2-45FF-B295-20DD8C9312E2}.Default|x64.Build.0 = Debug|Any CPU
		{5489E763-5FE2-45FF-B295-20DD8C9312E2}.Default|x86.ActiveCfg = Debug|Any CPU
		{5489E763-5FE2-45FF-B295-20DD8C9312E2}.Default|x86.Build.0 = Debug|Any CPU
		{5489E763-5FE2-45FF-B295-20DD8C9312E2}.Release|Any CPU.ActiveCfg = Release|Any CPU
		{5489E763-5FE2-45FF-B295-20DD8C9312E2}.Release|Any CPU.Build.0 = Release|Any CPU
		{5489E763-5FE2-45FF-B295-20DD8C9312E2}.Release|ARM.ActiveCfg = Release|Any CPU
		{5489E763-5FE2-45FF-B295-20DD8C9312E2}.Release|ARM.Build.0 = Release|Any CPU
		{5489E763-5FE2-45FF-B295-20DD8C9312E2}.Release|x64.ActiveCfg = Release|Any CPU
		{5489E763-5FE2-45FF-B295-20DD8C9312E2}.Release|x64.Build.0 = Release|Any CPU
		{5489E763-5FE2-45FF-B295-20DD8C9312E2}.Release|x86.ActiveCfg = Release|Any CPU
		{5489E763-5FE2-45FF-B295-20DD8C9312E2}.Release|x86.Build.0 = Release|Any CPU
		{862CB436-4E0A-4AE6-BDF4-1A636878817B}.Debug|Any CPU.ActiveCfg = Debug|Any CPU
		{862CB436-4E0A-4AE6-BDF4-1A636878817B}.Debug|Any CPU.Build.0 = Debug|Any CPU
		{862CB436-4E0A-4AE6-BDF4-1A636878817B}.Debug|ARM.ActiveCfg = Debug|Any CPU
		{862CB436-4E0A-4AE6-BDF4-1A636878817B}.Debug|ARM.Build.0 = Debug|Any CPU
		{862CB436-4E0A-4AE6-BDF4-1A636878817B}.Debug|x64.ActiveCfg = Debug|Any CPU
		{862CB436-4E0A-4AE6-BDF4-1A636878817B}.Debug|x64.Build.0 = Debug|Any CPU
		{862CB436-4E0A-4AE6-BDF4-1A636878817B}.Debug|x86.ActiveCfg = Debug|Any CPU
		{862CB436-4E0A-4AE6-BDF4-1A636878817B}.Debug|x86.Build.0 = Debug|Any CPU
		{862CB436-4E0A-4AE6-BDF4-1A636878817B}.Debug5.5|Any CPU.ActiveCfg = Debug5.5|Any CPU
		{862CB436-4E0A-4AE6-BDF4-1A636878817B}.Debug5.5|Any CPU.Build.0 = Debug5.5|Any CPU
		{862CB436-4E0A-4AE6-BDF4-1A636878817B}.Debug5.5|ARM.ActiveCfg = Debug5.5|Any CPU
		{862CB436-4E0A-4AE6-BDF4-1A636878817B}.Debug5.5|ARM.Build.0 = Debug5.5|Any CPU
		{862CB436-4E0A-4AE6-BDF4-1A636878817B}.Debug5.5|x64.ActiveCfg = Debug5.5|Any CPU
		{862CB436-4E0A-4AE6-BDF4-1A636878817B}.Debug5.5|x64.Build.0 = Debug5.5|Any CPU
		{862CB436-4E0A-4AE6-BDF4-1A636878817B}.Debug5.5|x86.ActiveCfg = Debug5.5|Any CPU
		{862CB436-4E0A-4AE6-BDF4-1A636878817B}.Debug5.5|x86.Build.0 = Debug5.5|Any CPU
		{862CB436-4E0A-4AE6-BDF4-1A636878817B}.Default|Any CPU.ActiveCfg = Debug|Any CPU
		{862CB436-4E0A-4AE6-BDF4-1A636878817B}.Default|Any CPU.Build.0 = Debug|Any CPU
		{862CB436-4E0A-4AE6-BDF4-1A636878817B}.Default|ARM.ActiveCfg = Debug5.5|Any CPU
		{862CB436-4E0A-4AE6-BDF4-1A636878817B}.Default|ARM.Build.0 = Debug5.5|Any CPU
		{862CB436-4E0A-4AE6-BDF4-1A636878817B}.Default|x64.ActiveCfg = Debug5.5|Any CPU
		{862CB436-4E0A-4AE6-BDF4-1A636878817B}.Default|x64.Build.0 = Debug5.5|Any CPU
		{862CB436-4E0A-4AE6-BDF4-1A636878817B}.Default|x86.ActiveCfg = Debug5.5|Any CPU
		{862CB436-4E0A-4AE6-BDF4-1A636878817B}.Default|x86.Build.0 = Debug5.5|Any CPU
		{862CB436-4E0A-4AE6-BDF4-1A636878817B}.Release|Any CPU.ActiveCfg = Release|Any CPU
		{862CB436-4E0A-4AE6-BDF4-1A636878817B}.Release|Any CPU.Build.0 = Release|Any CPU
		{862CB436-4E0A-4AE6-BDF4-1A636878817B}.Release|ARM.ActiveCfg = Release|Any CPU
		{862CB436-4E0A-4AE6-BDF4-1A636878817B}.Release|ARM.Build.0 = Release|Any CPU
		{862CB436-4E0A-4AE6-BDF4-1A636878817B}.Release|x64.ActiveCfg = Release|Any CPU
		{862CB436-4E0A-4AE6-BDF4-1A636878817B}.Release|x64.Build.0 = Release|Any CPU
		{862CB436-4E0A-4AE6-BDF4-1A636878817B}.Release|x86.ActiveCfg = Release|Any CPU
		{862CB436-4E0A-4AE6-BDF4-1A636878817B}.Release|x86.Build.0 = Release|Any CPU
		{BB0EB3B1-241F-46BC-812A-1BAD99734ED7}.Debug|Any CPU.ActiveCfg = Debug|Any CPU
		{BB0EB3B1-241F-46BC-812A-1BAD99734ED7}.Debug|Any CPU.Build.0 = Debug|Any CPU
		{BB0EB3B1-241F-46BC-812A-1BAD99734ED7}.Debug|ARM.ActiveCfg = Debug|Any CPU
		{BB0EB3B1-241F-46BC-812A-1BAD99734ED7}.Debug|ARM.Build.0 = Debug|Any CPU
		{BB0EB3B1-241F-46BC-812A-1BAD99734ED7}.Debug|x64.ActiveCfg = Debug|Any CPU
		{BB0EB3B1-241F-46BC-812A-1BAD99734ED7}.Debug|x64.Build.0 = Debug|Any CPU
		{BB0EB3B1-241F-46BC-812A-1BAD99734ED7}.Debug|x86.ActiveCfg = Debug|Any CPU
		{BB0EB3B1-241F-46BC-812A-1BAD99734ED7}.Debug|x86.Build.0 = Debug|Any CPU
		{BB0EB3B1-241F-46BC-812A-1BAD99734ED7}.Debug5.5|Any CPU.ActiveCfg = Debug|Any CPU
		{BB0EB3B1-241F-46BC-812A-1BAD99734ED7}.Debug5.5|Any CPU.Build.0 = Debug|Any CPU
		{BB0EB3B1-241F-46BC-812A-1BAD99734ED7}.Debug5.5|ARM.ActiveCfg = Debug|Any CPU
		{BB0EB3B1-241F-46BC-812A-1BAD99734ED7}.Debug5.5|ARM.Build.0 = Debug|Any CPU
		{BB0EB3B1-241F-46BC-812A-1BAD99734ED7}.Debug5.5|x64.ActiveCfg = Debug|Any CPU
		{BB0EB3B1-241F-46BC-812A-1BAD99734ED7}.Debug5.5|x64.Build.0 = Debug|Any CPU
		{BB0EB3B1-241F-46BC-812A-1BAD99734ED7}.Debug5.5|x86.ActiveCfg = Debug|Any CPU
		{BB0EB3B1-241F-46BC-812A-1BAD99734ED7}.Debug5.5|x86.Build.0 = Debug|Any CPU
		{BB0EB3B1-241F-46BC-812A-1BAD99734ED7}.Default|Any CPU.ActiveCfg = Debug|Any CPU
		{BB0EB3B1-241F-46BC-812A-1BAD99734ED7}.Default|Any CPU.Build.0 = Debug|Any CPU
		{BB0EB3B1-241F-46BC-812A-1BAD99734ED7}.Default|ARM.ActiveCfg = Debug|Any CPU
		{BB0EB3B1-241F-46BC-812A-1BAD99734ED7}.Default|ARM.Build.0 = Debug|Any CPU
		{BB0EB3B1-241F-46BC-812A-1BAD99734ED7}.Default|x64.ActiveCfg = Debug|Any CPU
		{BB0EB3B1-241F-46BC-812A-1BAD99734ED7}.Default|x64.Build.0 = Debug|Any CPU
		{BB0EB3B1-241F-46BC-812A-1BAD99734ED7}.Default|x86.ActiveCfg = Debug|Any CPU
		{BB0EB3B1-241F-46BC-812A-1BAD99734ED7}.Default|x86.Build.0 = Debug|Any CPU
		{BB0EB3B1-241F-46BC-812A-1BAD99734ED7}.Release|Any CPU.ActiveCfg = Release|Any CPU
		{BB0EB3B1-241F-46BC-812A-1BAD99734ED7}.Release|Any CPU.Build.0 = Release|Any CPU
		{BB0EB3B1-241F-46BC-812A-1BAD99734ED7}.Release|ARM.ActiveCfg = Release|Any CPU
		{BB0EB3B1-241F-46BC-812A-1BAD99734ED7}.Release|ARM.Build.0 = Release|Any CPU
		{BB0EB3B1-241F-46BC-812A-1BAD99734ED7}.Release|x64.ActiveCfg = Release|Any CPU
		{BB0EB3B1-241F-46BC-812A-1BAD99734ED7}.Release|x64.Build.0 = Release|Any CPU
		{BB0EB3B1-241F-46BC-812A-1BAD99734ED7}.Release|x86.ActiveCfg = Release|Any CPU
		{BB0EB3B1-241F-46BC-812A-1BAD99734ED7}.Release|x86.Build.0 = Release|Any CPU
		{938E0098-9E22-4AC1-86B6-EB3EEBB96DE0}.Debug|Any CPU.ActiveCfg = Debug|Any CPU
		{938E0098-9E22-4AC1-86B6-EB3EEBB96DE0}.Debug|ARM.ActiveCfg = Debug|Any CPU
		{938E0098-9E22-4AC1-86B6-EB3EEBB96DE0}.Debug|ARM.Build.0 = Debug|Any CPU
		{938E0098-9E22-4AC1-86B6-EB3EEBB96DE0}.Debug|x64.ActiveCfg = Debug|Any CPU
		{938E0098-9E22-4AC1-86B6-EB3EEBB96DE0}.Debug|x64.Build.0 = Debug|Any CPU
		{938E0098-9E22-4AC1-86B6-EB3EEBB96DE0}.Debug|x86.ActiveCfg = Debug|Any CPU
		{938E0098-9E22-4AC1-86B6-EB3EEBB96DE0}.Debug|x86.Build.0 = Debug|Any CPU
		{938E0098-9E22-4AC1-86B6-EB3EEBB96DE0}.Debug5.5|Any CPU.ActiveCfg = Debug|Any CPU
		{938E0098-9E22-4AC1-86B6-EB3EEBB96DE0}.Debug5.5|Any CPU.Build.0 = Debug|Any CPU
		{938E0098-9E22-4AC1-86B6-EB3EEBB96DE0}.Debug5.5|ARM.ActiveCfg = Debug|Any CPU
		{938E0098-9E22-4AC1-86B6-EB3EEBB96DE0}.Debug5.5|ARM.Build.0 = Debug|Any CPU
		{938E0098-9E22-4AC1-86B6-EB3EEBB96DE0}.Debug5.5|x64.ActiveCfg = Debug|Any CPU
		{938E0098-9E22-4AC1-86B6-EB3EEBB96DE0}.Debug5.5|x64.Build.0 = Debug|Any CPU
		{938E0098-9E22-4AC1-86B6-EB3EEBB96DE0}.Debug5.5|x86.ActiveCfg = Debug|Any CPU
		{938E0098-9E22-4AC1-86B6-EB3EEBB96DE0}.Debug5.5|x86.Build.0 = Debug|Any CPU
		{938E0098-9E22-4AC1-86B6-EB3EEBB96DE0}.Default|Any CPU.ActiveCfg = Debug|Any CPU
		{938E0098-9E22-4AC1-86B6-EB3EEBB96DE0}.Default|Any CPU.Build.0 = Debug|Any CPU
		{938E0098-9E22-4AC1-86B6-EB3EEBB96DE0}.Default|ARM.ActiveCfg = Debug|Any CPU
		{938E0098-9E22-4AC1-86B6-EB3EEBB96DE0}.Default|ARM.Build.0 = Debug|Any CPU
		{938E0098-9E22-4AC1-86B6-EB3EEBB96DE0}.Default|x64.ActiveCfg = Debug|Any CPU
		{938E0098-9E22-4AC1-86B6-EB3EEBB96DE0}.Default|x64.Build.0 = Debug|Any CPU
		{938E0098-9E22-4AC1-86B6-EB3EEBB96DE0}.Default|x86.ActiveCfg = Debug|Any CPU
		{938E0098-9E22-4AC1-86B6-EB3EEBB96DE0}.Default|x86.Build.0 = Debug|Any CPU
		{938E0098-9E22-4AC1-86B6-EB3EEBB96DE0}.Release|Any CPU.ActiveCfg = Release|Any CPU
		{938E0098-9E22-4AC1-86B6-EB3EEBB96DE0}.Release|Any CPU.Build.0 = Release|Any CPU
		{938E0098-9E22-4AC1-86B6-EB3EEBB96DE0}.Release|ARM.ActiveCfg = Release|Any CPU
		{938E0098-9E22-4AC1-86B6-EB3EEBB96DE0}.Release|ARM.Build.0 = Release|Any CPU
		{938E0098-9E22-4AC1-86B6-EB3EEBB96DE0}.Release|x64.ActiveCfg = Release|Any CPU
		{938E0098-9E22-4AC1-86B6-EB3EEBB96DE0}.Release|x64.Build.0 = Release|Any CPU
		{938E0098-9E22-4AC1-86B6-EB3EEBB96DE0}.Release|x86.ActiveCfg = Release|Any CPU
		{938E0098-9E22-4AC1-86B6-EB3EEBB96DE0}.Release|x86.Build.0 = Release|Any CPU
		{F9AF7486-9BAE-4921-A638-0A4AAEEADAC8}.Debug|Any CPU.ActiveCfg = Default|Any CPU
		{F9AF7486-9BAE-4921-A638-0A4AAEEADAC8}.Debug|ARM.ActiveCfg = Default|Any CPU
		{F9AF7486-9BAE-4921-A638-0A4AAEEADAC8}.Debug|x64.ActiveCfg = Default|Any CPU
		{F9AF7486-9BAE-4921-A638-0A4AAEEADAC8}.Debug|x86.ActiveCfg = Default|Any CPU
		{F9AF7486-9BAE-4921-A638-0A4AAEEADAC8}.Debug5.5|Any CPU.ActiveCfg = Default|Any CPU
		{F9AF7486-9BAE-4921-A638-0A4AAEEADAC8}.Debug5.5|ARM.ActiveCfg = Default|Any CPU
		{F9AF7486-9BAE-4921-A638-0A4AAEEADAC8}.Debug5.5|x64.ActiveCfg = Default|Any CPU
		{F9AF7486-9BAE-4921-A638-0A4AAEEADAC8}.Debug5.5|x86.ActiveCfg = Default|Any CPU
		{F9AF7486-9BAE-4921-A638-0A4AAEEADAC8}.Default|Any CPU.ActiveCfg = Default|Any CPU
		{F9AF7486-9BAE-4921-A638-0A4AAEEADAC8}.Default|Any CPU.Build.0 = Default|Any CPU
		{F9AF7486-9BAE-4921-A638-0A4AAEEADAC8}.Default|ARM.ActiveCfg = Default|Any CPU
		{F9AF7486-9BAE-4921-A638-0A4AAEEADAC8}.Default|x64.ActiveCfg = Default|Any CPU
		{F9AF7486-9BAE-4921-A638-0A4AAEEADAC8}.Default|x86.ActiveCfg = Default|Any CPU
		{F9AF7486-9BAE-4921-A638-0A4AAEEADAC8}.Release|Any CPU.ActiveCfg = Default|Any CPU
		{F9AF7486-9BAE-4921-A638-0A4AAEEADAC8}.Release|Any CPU.Build.0 = Default|Any CPU
		{F9AF7486-9BAE-4921-A638-0A4AAEEADAC8}.Release|ARM.ActiveCfg = Default|Any CPU
		{F9AF7486-9BAE-4921-A638-0A4AAEEADAC8}.Release|x64.ActiveCfg = Default|Any CPU
		{F9AF7486-9BAE-4921-A638-0A4AAEEADAC8}.Release|x86.ActiveCfg = Default|Any CPU
	EndGlobalSection
	GlobalSection(MonoDevelopProperties) = preSolution
		Policies = $0
		$0.DotNetNamingPolicy = $1
		$1.DirectoryNamespaceAssociation = None
		$1.ResourceNamePolicy = FileFormatDefault
		$0.VersionControlPolicy = $2
		$2.inheritsSet = Mono
		version = 1.7
		outputpath = build
		{BB0EB3B1-241F-46BC-812A-1BAD99734ED7}.Debug|Any CPU.ActiveCfg = Debug|Any CPU
		{BB0EB3B1-241F-46BC-812A-1BAD99734ED7}.Debug|Any CPU.Build.0 = Debug|Any CPU
		{BB0EB3B1-241F-46BC-812A-1BAD99734ED7}.Default|Any CPU.ActiveCfg = Debug|Any CPU
		{BB0EB3B1-241F-46BC-812A-1BAD99734ED7}.Default|Any CPU.Build.0 = Debug|Any CPU
		{BB0EB3B1-241F-46BC-812A-1BAD99734ED7}.Release|Any CPU.ActiveCfg = Release|Any CPU
		{BB0EB3B1-241F-46BC-812A-1BAD99734ED7}.Release|Any CPU.Build.0 = Release|Any CPU
	EndGlobalSection
	GlobalSection(SolutionProperties) = preSolution
		HideSolutionNode = FALSE
	EndGlobalSection
EndGlobal
